
Microsoft Visual Studio Solution File, Format Version 12.00
# Visual Studio 15
VisualStudioVersion = 15.0.27130.2010
MinimumVisualStudioVersion = 10.0.40219.1
Project("{FAE04EC0-301F-11D3-BF4B-00C04F79EFBC}") = "GZDoomIDE", "GZDoomIDE\GZDoomIDE.csproj", "{D3DFF45A-2A04-4E24-A397-ADA19010334D}"
	ProjectSection(ProjectDependencies) = postProject
		{98321030-DB8F-4053-9065-88B002DBB4E4} = {98321030-DB8F-4053-9065-88B002DBB4E4}
		{98968630-27C2-4AA8-886D-7962DFCBD198} = {98968630-27C2-4AA8-886D-7962DFCBD198}
	EndProjectSection
EndProject
Project("{FAE04EC0-301F-11D3-BF4B-00C04F79EFBC}") = "CorePlugin", "CorePlugin\CorePlugin.csproj", "{6CF35327-1CF0-46F9-9616-C44A650A39E1}"
EndProject
Project("{FAE04EC0-301F-11D3-BF4B-00C04F79EFBC}") = "Aga.Controls", "TreeViewAdv\Aga.Controls\Aga.Controls.csproj", "{E73BB233-D88B-44A7-A98F-D71EE158381D}"
EndProject
Project("{FAE04EC0-301F-11D3-BF4B-00C04F79EFBC}") = "GZIDE_BuildUtils", "GZIDE_BuildUtils\GZIDE_BuildUtils.csproj", "{98968630-27C2-4AA8-886D-7962DFCBD198}"
EndProject
Project("{FAE04EC0-301F-11D3-BF4B-00C04F79EFBC}") = "AllBuild", "AllBuild\AllBuild.csproj", "{98321030-DB8F-4053-9065-88B002DBB4E4}"
	ProjectSection(ProjectDependencies) = postProject
		{98968630-27C2-4AA8-886D-7962DFCBD198} = {98968630-27C2-4AA8-886D-7962DFCBD198}
	EndProjectSection
EndProject
Project("{FAE04EC0-301F-11D3-BF4B-00C04F79EFBC}") = "CalithaLibrary", "GOLDParser\CalithaLib\CalithaLibrary.csproj", "{9E8F8FBC-29C0-4DCB-83CE-058AA757D570}"
EndProject
Project("{FAE04EC0-301F-11D3-BF4B-00C04F79EFBC}") = "CalithaGoldParserEngine", "GOLDParser\CalithaGoldParserEngine\CalithaGoldParserEngine.csproj", "{837DC4CB-4BEA-4171-8366-A1AA6207F576}"
EndProject
Global
	GlobalSection(SolutionConfigurationPlatforms) = preSolution
		Documentation|Any CPU = Documentation|Any CPU
		Documentation|x64 = Documentation|x64
		Documentation|x86 = Documentation|x86
		LinuxDebug|Any CPU = LinuxDebug|Any CPU
		LinuxDebug|x64 = LinuxDebug|x64
		LinuxDebug|x86 = LinuxDebug|x86
		LinuxRelease|Any CPU = LinuxRelease|Any CPU
		LinuxRelease|x64 = LinuxRelease|x64
		LinuxRelease|x86 = LinuxRelease|x86
		WindowsDebug|Any CPU = WindowsDebug|Any CPU
		WindowsDebug|x64 = WindowsDebug|x64
		WindowsDebug|x86 = WindowsDebug|x86
		WindowsRelease|Any CPU = WindowsRelease|Any CPU
		WindowsRelease|x64 = WindowsRelease|x64
		WindowsRelease|x86 = WindowsRelease|x86
	EndGlobalSection
	GlobalSection(ProjectConfigurationPlatforms) = postSolution
		{D3DFF45A-2A04-4E24-A397-ADA19010334D}.Documentation|Any CPU.ActiveCfg = WindowsRelease|Any CPU
		{D3DFF45A-2A04-4E24-A397-ADA19010334D}.Documentation|Any CPU.Build.0 = WindowsRelease|Any CPU
		{D3DFF45A-2A04-4E24-A397-ADA19010334D}.Documentation|x64.ActiveCfg = WindowsRelease|x64
		{D3DFF45A-2A04-4E24-A397-ADA19010334D}.Documentation|x64.Build.0 = WindowsRelease|x64
		{D3DFF45A-2A04-4E24-A397-ADA19010334D}.Documentation|x86.ActiveCfg = WindowsRelease|x86
		{D3DFF45A-2A04-4E24-A397-ADA19010334D}.Documentation|x86.Build.0 = WindowsRelease|x86
		{D3DFF45A-2A04-4E24-A397-ADA19010334D}.LinuxDebug|Any CPU.ActiveCfg = LinuxDebug|Any CPU
		{D3DFF45A-2A04-4E24-A397-ADA19010334D}.LinuxDebug|Any CPU.Build.0 = LinuxDebug|Any CPU
		{D3DFF45A-2A04-4E24-A397-ADA19010334D}.LinuxDebug|x64.ActiveCfg = LinuxDebug|x64
		{D3DFF45A-2A04-4E24-A397-ADA19010334D}.LinuxDebug|x64.Build.0 = LinuxDebug|x64
		{D3DFF45A-2A04-4E24-A397-ADA19010334D}.LinuxDebug|x86.ActiveCfg = LinuxDebug|x86
		{D3DFF45A-2A04-4E24-A397-ADA19010334D}.LinuxDebug|x86.Build.0 = LinuxDebug|x86
		{D3DFF45A-2A04-4E24-A397-ADA19010334D}.LinuxRelease|Any CPU.ActiveCfg = LinuxRelease|Any CPU
		{D3DFF45A-2A04-4E24-A397-ADA19010334D}.LinuxRelease|Any CPU.Build.0 = LinuxRelease|Any CPU
		{D3DFF45A-2A04-4E24-A397-ADA19010334D}.LinuxRelease|x64.ActiveCfg = LinuxRelease|x64
		{D3DFF45A-2A04-4E24-A397-ADA19010334D}.LinuxRelease|x64.Build.0 = LinuxRelease|x64
		{D3DFF45A-2A04-4E24-A397-ADA19010334D}.LinuxRelease|x86.ActiveCfg = LinuxRelease|x86
		{D3DFF45A-2A04-4E24-A397-ADA19010334D}.LinuxRelease|x86.Build.0 = LinuxRelease|x86
		{D3DFF45A-2A04-4E24-A397-ADA19010334D}.WindowsDebug|Any CPU.ActiveCfg = WindowsDebug|Any CPU
		{D3DFF45A-2A04-4E24-A397-ADA19010334D}.WindowsDebug|Any CPU.Build.0 = WindowsDebug|Any CPU
		{D3DFF45A-2A04-4E24-A397-ADA19010334D}.WindowsDebug|x64.ActiveCfg = WindowsDebug|x64
		{D3DFF45A-2A04-4E24-A397-ADA19010334D}.WindowsDebug|x64.Build.0 = WindowsDebug|x64
		{D3DFF45A-2A04-4E24-A397-ADA19010334D}.WindowsDebug|x86.ActiveCfg = WindowsDebug|x86
		{D3DFF45A-2A04-4E24-A397-ADA19010334D}.WindowsDebug|x86.Build.0 = WindowsDebug|x86
		{D3DFF45A-2A04-4E24-A397-ADA19010334D}.WindowsRelease|Any CPU.ActiveCfg = WindowsRelease|Any CPU
		{D3DFF45A-2A04-4E24-A397-ADA19010334D}.WindowsRelease|Any CPU.Build.0 = WindowsRelease|Any CPU
		{D3DFF45A-2A04-4E24-A397-ADA19010334D}.WindowsRelease|x64.ActiveCfg = WindowsRelease|x64
		{D3DFF45A-2A04-4E24-A397-ADA19010334D}.WindowsRelease|x64.Build.0 = WindowsRelease|x64
		{D3DFF45A-2A04-4E24-A397-ADA19010334D}.WindowsRelease|x86.ActiveCfg = WindowsRelease|x86
		{D3DFF45A-2A04-4E24-A397-ADA19010334D}.WindowsRelease|x86.Build.0 = WindowsRelease|x86
		{6CF35327-1CF0-46F9-9616-C44A650A39E1}.Documentation|Any CPU.ActiveCfg = WindowsRelease|Any CPU
		{6CF35327-1CF0-46F9-9616-C44A650A39E1}.Documentation|Any CPU.Build.0 = WindowsRelease|Any CPU
		{6CF35327-1CF0-46F9-9616-C44A650A39E1}.Documentation|x64.ActiveCfg = WindowsRelease|x64
		{6CF35327-1CF0-46F9-9616-C44A650A39E1}.Documentation|x64.Build.0 = WindowsRelease|x64
		{6CF35327-1CF0-46F9-9616-C44A650A39E1}.Documentation|x86.ActiveCfg = WindowsRelease|x86
		{6CF35327-1CF0-46F9-9616-C44A650A39E1}.Documentation|x86.Build.0 = WindowsRelease|x86
		{6CF35327-1CF0-46F9-9616-C44A650A39E1}.LinuxDebug|Any CPU.ActiveCfg = LinuxDebug|Any CPU
		{6CF35327-1CF0-46F9-9616-C44A650A39E1}.LinuxDebug|x64.ActiveCfg = LinuxDebug|x64
		{6CF35327-1CF0-46F9-9616-C44A650A39E1}.LinuxDebug|x86.ActiveCfg = LinuxDebug|x86
		{6CF35327-1CF0-46F9-9616-C44A650A39E1}.LinuxRelease|Any CPU.ActiveCfg = LinuxRelease|Any CPU
		{6CF35327-1CF0-46F9-9616-C44A650A39E1}.LinuxRelease|x64.ActiveCfg = LinuxRelease|x64
		{6CF35327-1CF0-46F9-9616-C44A650A39E1}.LinuxRelease|x86.ActiveCfg = LinuxRelease|x86
		{6CF35327-1CF0-46F9-9616-C44A650A39E1}.WindowsDebug|Any CPU.ActiveCfg = WindowsDebug|Any CPU
		{6CF35327-1CF0-46F9-9616-C44A650A39E1}.WindowsDebug|x64.ActiveCfg = WindowsDebug|x64
		{6CF35327-1CF0-46F9-9616-C44A650A39E1}.WindowsDebug|x64.Build.0 = WindowsDebug|x64
		{6CF35327-1CF0-46F9-9616-C44A650A39E1}.WindowsDebug|x86.ActiveCfg = WindowsDebug|x86
		{6CF35327-1CF0-46F9-9616-C44A650A39E1}.WindowsDebug|x86.Build.0 = WindowsDebug|x86
		{6CF35327-1CF0-46F9-9616-C44A650A39E1}.WindowsRelease|Any CPU.ActiveCfg = WindowsRelease|Any CPU
		{6CF35327-1CF0-46F9-9616-C44A650A39E1}.WindowsRelease|x64.ActiveCfg = WindowsRelease|x64
		{6CF35327-1CF0-46F9-9616-C44A650A39E1}.WindowsRelease|x64.Build.0 = WindowsRelease|x64
		{6CF35327-1CF0-46F9-9616-C44A650A39E1}.WindowsRelease|x86.ActiveCfg = WindowsRelease|x86
		{6CF35327-1CF0-46F9-9616-C44A650A39E1}.WindowsRelease|x86.Build.0 = WindowsRelease|x86
		{E73BB233-D88B-44A7-A98F-D71EE158381D}.Documentation|Any CPU.ActiveCfg = WindowsRelease|Any CPU
		{E73BB233-D88B-44A7-A98F-D71EE158381D}.Documentation|Any CPU.Build.0 = WindowsRelease|Any CPU
		{E73BB233-D88B-44A7-A98F-D71EE158381D}.Documentation|x64.ActiveCfg = WindowsRelease|x64
		{E73BB233-D88B-44A7-A98F-D71EE158381D}.Documentation|x64.Build.0 = WindowsRelease|x64
		{E73BB233-D88B-44A7-A98F-D71EE158381D}.Documentation|x86.ActiveCfg = WindowsRelease|x86
		{E73BB233-D88B-44A7-A98F-D71EE158381D}.Documentation|x86.Build.0 = WindowsRelease|x86
		{E73BB233-D88B-44A7-A98F-D71EE158381D}.LinuxDebug|Any CPU.ActiveCfg = LinuxDebug|Any CPU
		{E73BB233-D88B-44A7-A98F-D71EE158381D}.LinuxDebug|Any CPU.Build.0 = LinuxDebug|Any CPU
		{E73BB233-D88B-44A7-A98F-D71EE158381D}.LinuxDebug|x64.ActiveCfg = LinuxDebug|x64
		{E73BB233-D88B-44A7-A98F-D71EE158381D}.LinuxDebug|x64.Build.0 = LinuxDebug|x64
		{E73BB233-D88B-44A7-A98F-D71EE158381D}.LinuxDebug|x86.ActiveCfg = LinuxDebug|x86
		{E73BB233-D88B-44A7-A98F-D71EE158381D}.LinuxDebug|x86.Build.0 = LinuxDebug|x86
		{E73BB233-D88B-44A7-A98F-D71EE158381D}.LinuxRelease|Any CPU.ActiveCfg = LinuxRelease|Any CPU
		{E73BB233-D88B-44A7-A98F-D71EE158381D}.LinuxRelease|Any CPU.Build.0 = LinuxRelease|Any CPU
		{E73BB233-D88B-44A7-A98F-D71EE158381D}.LinuxRelease|x64.ActiveCfg = LinuxRelease|x64
		{E73BB233-D88B-44A7-A98F-D71EE158381D}.LinuxRelease|x64.Build.0 = LinuxRelease|x64
		{E73BB233-D88B-44A7-A98F-D71EE158381D}.LinuxRelease|x86.ActiveCfg = LinuxRelease|x86
		{E73BB233-D88B-44A7-A98F-D71EE158381D}.LinuxRelease|x86.Build.0 = LinuxRelease|x86
		{E73BB233-D88B-44A7-A98F-D71EE158381D}.WindowsDebug|Any CPU.ActiveCfg = WindowsDebug|Any CPU
		{E73BB233-D88B-44A7-A98F-D71EE158381D}.WindowsDebug|Any CPU.Build.0 = WindowsDebug|Any CPU
		{E73BB233-D88B-44A7-A98F-D71EE158381D}.WindowsDebug|x64.ActiveCfg = WindowsDebug|x64
		{E73BB233-D88B-44A7-A98F-D71EE158381D}.WindowsDebug|x64.Build.0 = WindowsDebug|x64
		{E73BB233-D88B-44A7-A98F-D71EE158381D}.WindowsDebug|x86.ActiveCfg = WindowsDebug|x86
		{E73BB233-D88B-44A7-A98F-D71EE158381D}.WindowsDebug|x86.Build.0 = WindowsDebug|x86
		{E73BB233-D88B-44A7-A98F-D71EE158381D}.WindowsRelease|Any CPU.ActiveCfg = WindowsRelease|Any CPU
		{E73BB233-D88B-44A7-A98F-D71EE158381D}.WindowsRelease|Any CPU.Build.0 = WindowsRelease|Any CPU
		{E73BB233-D88B-44A7-A98F-D71EE158381D}.WindowsRelease|x64.ActiveCfg = WindowsRelease|x64
		{E73BB233-D88B-44A7-A98F-D71EE158381D}.WindowsRelease|x64.Build.0 = WindowsRelease|x64
		{E73BB233-D88B-44A7-A98F-D71EE158381D}.WindowsRelease|x86.ActiveCfg = WindowsRelease|x86
		{E73BB233-D88B-44A7-A98F-D71EE158381D}.WindowsRelease|x86.Build.0 = WindowsRelease|x86
		{98968630-27C2-4AA8-886D-7962DFCBD198}.Documentation|Any CPU.ActiveCfg = WindowsRelease|Any CPU
		{98968630-27C2-4AA8-886D-7962DFCBD198}.Documentation|Any CPU.Build.0 = WindowsRelease|Any CPU
		{98968630-27C2-4AA8-886D-7962DFCBD198}.Documentation|x64.ActiveCfg = WindowsRelease|x64
		{98968630-27C2-4AA8-886D-7962DFCBD198}.Documentation|x64.Build.0 = WindowsRelease|x64
		{98968630-27C2-4AA8-886D-7962DFCBD198}.Documentation|x86.ActiveCfg = WindowsRelease|x86
		{98968630-27C2-4AA8-886D-7962DFCBD198}.Documentation|x86.Build.0 = WindowsRelease|x86
		{98968630-27C2-4AA8-886D-7962DFCBD198}.LinuxDebug|Any CPU.ActiveCfg = LinuxDebug|Any CPU
		{98968630-27C2-4AA8-886D-7962DFCBD198}.LinuxDebug|Any CPU.Build.0 = LinuxDebug|Any CPU
		{98968630-27C2-4AA8-886D-7962DFCBD198}.LinuxDebug|x64.ActiveCfg = LinuxDebug|x64
		{98968630-27C2-4AA8-886D-7962DFCBD198}.LinuxDebug|x64.Build.0 = LinuxDebug|x64
		{98968630-27C2-4AA8-886D-7962DFCBD198}.LinuxDebug|x86.ActiveCfg = LinuxDebug|x86
		{98968630-27C2-4AA8-886D-7962DFCBD198}.LinuxDebug|x86.Build.0 = LinuxDebug|x86
		{98968630-27C2-4AA8-886D-7962DFCBD198}.LinuxRelease|Any CPU.ActiveCfg = LinuxRelease|Any CPU
		{98968630-27C2-4AA8-886D-7962DFCBD198}.LinuxRelease|Any CPU.Build.0 = LinuxRelease|Any CPU
		{98968630-27C2-4AA8-886D-7962DFCBD198}.LinuxRelease|x64.ActiveCfg = LinuxRelease|x64
		{98968630-27C2-4AA8-886D-7962DFCBD198}.LinuxRelease|x64.Build.0 = LinuxRelease|x64
		{98968630-27C2-4AA8-886D-7962DFCBD198}.LinuxRelease|x86.ActiveCfg = LinuxRelease|x86
		{98968630-27C2-4AA8-886D-7962DFCBD198}.LinuxRelease|x86.Build.0 = LinuxRelease|x86
		{98968630-27C2-4AA8-886D-7962DFCBD198}.WindowsDebug|Any CPU.ActiveCfg = WindowsDebug|Any CPU
		{98968630-27C2-4AA8-886D-7962DFCBD198}.WindowsDebug|Any CPU.Build.0 = WindowsDebug|Any CPU
		{98968630-27C2-4AA8-886D-7962DFCBD198}.WindowsDebug|x64.ActiveCfg = WindowsDebug|x64
		{98968630-27C2-4AA8-886D-7962DFCBD198}.WindowsDebug|x64.Build.0 = WindowsDebug|x64
		{98968630-27C2-4AA8-886D-7962DFCBD198}.WindowsDebug|x86.ActiveCfg = WindowsDebug|x86
		{98968630-27C2-4AA8-886D-7962DFCBD198}.WindowsDebug|x86.Build.0 = WindowsDebug|x86
		{98968630-27C2-4AA8-886D-7962DFCBD198}.WindowsRelease|Any CPU.ActiveCfg = WindowsRelease|Any CPU
		{98968630-27C2-4AA8-886D-7962DFCBD198}.WindowsRelease|Any CPU.Build.0 = WindowsRelease|Any CPU
		{98968630-27C2-4AA8-886D-7962DFCBD198}.WindowsRelease|x64.ActiveCfg = WindowsRelease|x64
		{98968630-27C2-4AA8-886D-7962DFCBD198}.WindowsRelease|x64.Build.0 = WindowsRelease|x64
		{98968630-27C2-4AA8-886D-7962DFCBD198}.WindowsRelease|x86.ActiveCfg = WindowsRelease|x86
		{98968630-27C2-4AA8-886D-7962DFCBD198}.WindowsRelease|x86.Build.0 = WindowsRelease|x86
		{98321030-DB8F-4053-9065-88B002DBB4E4}.Documentation|Any CPU.ActiveCfg = WindowsRelease|Any CPU
		{98321030-DB8F-4053-9065-88B002DBB4E4}.Documentation|Any CPU.Build.0 = WindowsRelease|Any CPU
		{98321030-DB8F-4053-9065-88B002DBB4E4}.Documentation|x64.ActiveCfg = WindowsRelease|x64
		{98321030-DB8F-4053-9065-88B002DBB4E4}.Documentation|x64.Build.0 = WindowsRelease|x64
		{98321030-DB8F-4053-9065-88B002DBB4E4}.Documentation|x86.ActiveCfg = WindowsRelease|x86
		{98321030-DB8F-4053-9065-88B002DBB4E4}.Documentation|x86.Build.0 = WindowsRelease|x86
		{98321030-DB8F-4053-9065-88B002DBB4E4}.LinuxDebug|Any CPU.ActiveCfg = LinuxDebug|Any CPU
		{98321030-DB8F-4053-9065-88B002DBB4E4}.LinuxDebug|Any CPU.Build.0 = LinuxDebug|Any CPU
		{98321030-DB8F-4053-9065-88B002DBB4E4}.LinuxDebug|x64.ActiveCfg = LinuxDebug|x64
		{98321030-DB8F-4053-9065-88B002DBB4E4}.LinuxDebug|x64.Build.0 = LinuxDebug|x64
		{98321030-DB8F-4053-9065-88B002DBB4E4}.LinuxDebug|x86.ActiveCfg = LinuxDebug|x86
		{98321030-DB8F-4053-9065-88B002DBB4E4}.LinuxDebug|x86.Build.0 = LinuxDebug|x86
		{98321030-DB8F-4053-9065-88B002DBB4E4}.LinuxRelease|Any CPU.ActiveCfg = LinuxRelease|Any CPU
		{98321030-DB8F-4053-9065-88B002DBB4E4}.LinuxRelease|Any CPU.Build.0 = LinuxRelease|Any CPU
		{98321030-DB8F-4053-9065-88B002DBB4E4}.LinuxRelease|x64.ActiveCfg = LinuxRelease|x64
		{98321030-DB8F-4053-9065-88B002DBB4E4}.LinuxRelease|x64.Build.0 = LinuxRelease|x64
		{98321030-DB8F-4053-9065-88B002DBB4E4}.LinuxRelease|x86.ActiveCfg = LinuxRelease|x86
		{98321030-DB8F-4053-9065-88B002DBB4E4}.LinuxRelease|x86.Build.0 = LinuxRelease|x86
		{98321030-DB8F-4053-9065-88B002DBB4E4}.WindowsDebug|Any CPU.ActiveCfg = WindowsDebug|Any CPU
		{98321030-DB8F-4053-9065-88B002DBB4E4}.WindowsDebug|Any CPU.Build.0 = WindowsDebug|Any CPU
		{98321030-DB8F-4053-9065-88B002DBB4E4}.WindowsDebug|x64.ActiveCfg = WindowsDebug|x64
		{98321030-DB8F-4053-9065-88B002DBB4E4}.WindowsDebug|x64.Build.0 = WindowsDebug|x64
		{98321030-DB8F-4053-9065-88B002DBB4E4}.WindowsDebug|x86.ActiveCfg = WindowsDebug|x86
		{98321030-DB8F-4053-9065-88B002DBB4E4}.WindowsDebug|x86.Build.0 = WindowsDebug|x86
		{98321030-DB8F-4053-9065-88B002DBB4E4}.WindowsRelease|Any CPU.ActiveCfg = WindowsRelease|Any CPU
		{98321030-DB8F-4053-9065-88B002DBB4E4}.WindowsRelease|Any CPU.Build.0 = WindowsRelease|Any CPU
		{98321030-DB8F-4053-9065-88B002DBB4E4}.WindowsRelease|x64.ActiveCfg = WindowsRelease|x64
		{98321030-DB8F-4053-9065-88B002DBB4E4}.WindowsRelease|x64.Build.0 = WindowsRelease|x64
		{98321030-DB8F-4053-9065-88B002DBB4E4}.WindowsRelease|x86.ActiveCfg = WindowsRelease|x86
		{98321030-DB8F-4053-9065-88B002DBB4E4}.WindowsRelease|x86.Build.0 = WindowsRelease|x86
		{9E8F8FBC-29C0-4DCB-83CE-058AA757D570}.Documentation|Any CPU.ActiveCfg = Documentation|Any CPU
		{9E8F8FBC-29C0-4DCB-83CE-058AA757D570}.Documentation|Any CPU.Build.0 = Documentation|Any CPU
		{9E8F8FBC-29C0-4DCB-83CE-058AA757D570}.Documentation|x64.ActiveCfg = Documentation|Any CPU
		{9E8F8FBC-29C0-4DCB-83CE-058AA757D570}.Documentation|x64.Build.0 = Documentation|Any CPU
		{9E8F8FBC-29C0-4DCB-83CE-058AA757D570}.Documentation|x86.ActiveCfg = Documentation|Any CPU
		{9E8F8FBC-29C0-4DCB-83CE-058AA757D570}.Documentation|x86.Build.0 = Documentation|Any CPU
		{9E8F8FBC-29C0-4DCB-83CE-058AA757D570}.LinuxDebug|Any CPU.ActiveCfg = LinuxDebug|Any CPU
		{9E8F8FBC-29C0-4DCB-83CE-058AA757D570}.LinuxDebug|Any CPU.Build.0 = LinuxDebug|Any CPU
		{9E8F8FBC-29C0-4DCB-83CE-058AA757D570}.LinuxDebug|x64.ActiveCfg = LinuxDebug|Any CPU
		{9E8F8FBC-29C0-4DCB-83CE-058AA757D570}.LinuxDebug|x64.Build.0 = LinuxDebug|Any CPU
		{9E8F8FBC-29C0-4DCB-83CE-058AA757D570}.LinuxDebug|x86.ActiveCfg = LinuxDebug|Any CPU
		{9E8F8FBC-29C0-4DCB-83CE-058AA757D570}.LinuxDebug|x86.Build.0 = LinuxDebug|Any CPU
		{9E8F8FBC-29C0-4DCB-83CE-058AA757D570}.LinuxRelease|Any CPU.ActiveCfg = LinuxRelease|Any CPU
		{9E8F8FBC-29C0-4DCB-83CE-058AA757D570}.LinuxRelease|Any CPU.Build.0 = LinuxRelease|Any CPU
		{9E8F8FBC-29C0-4DCB-83CE-058AA757D570}.LinuxRelease|x64.ActiveCfg = LinuxRelease|Any CPU
		{9E8F8FBC-29C0-4DCB-83CE-058AA757D570}.LinuxRelease|x64.Build.0 = LinuxRelease|Any CPU
		{9E8F8FBC-29C0-4DCB-83CE-058AA757D570}.LinuxRelease|x86.ActiveCfg = LinuxRelease|Any CPU
		{9E8F8FBC-29C0-4DCB-83CE-058AA757D570}.LinuxRelease|x86.Build.0 = LinuxRelease|Any CPU
		{9E8F8FBC-29C0-4DCB-83CE-058AA757D570}.WindowsDebug|Any CPU.ActiveCfg = WindowsDebug|Any CPU
		{9E8F8FBC-29C0-4DCB-83CE-058AA757D570}.WindowsDebug|Any CPU.Build.0 = WindowsDebug|Any CPU
		{9E8F8FBC-29C0-4DCB-83CE-058AA757D570}.WindowsDebug|x64.ActiveCfg = WindowsDebug|Any CPU
		{9E8F8FBC-29C0-4DCB-83CE-058AA757D570}.WindowsDebug|x64.Build.0 = WindowsDebug|Any CPU
		{9E8F8FBC-29C0-4DCB-83CE-058AA757D570}.WindowsDebug|x86.ActiveCfg = WindowsDebug|Any CPU
		{9E8F8FBC-29C0-4DCB-83CE-058AA757D570}.WindowsDebug|x86.Build.0 = WindowsDebug|Any CPU
		{9E8F8FBC-29C0-4DCB-83CE-058AA757D570}.WindowsRelease|Any CPU.ActiveCfg = WindowsRelease|Any CPU
		{9E8F8FBC-29C0-4DCB-83CE-058AA757D570}.WindowsRelease|Any CPU.Build.0 = WindowsRelease|Any CPU
		{9E8F8FBC-29C0-4DCB-83CE-058AA757D570}.WindowsRelease|x64.ActiveCfg = WindowsRelease|Any CPU
		{9E8F8FBC-29C0-4DCB-83CE-058AA757D570}.WindowsRelease|x64.Build.0 = WindowsRelease|Any CPU
		{9E8F8FBC-29C0-4DCB-83CE-058AA757D570}.WindowsRelease|x86.ActiveCfg = WindowsRelease|Any CPU
		{9E8F8FBC-29C0-4DCB-83CE-058AA757D570}.WindowsRelease|x86.Build.0 = WindowsRelease|Any CPU
		{837DC4CB-4BEA-4171-8366-A1AA6207F576}.Documentation|Any CPU.ActiveCfg = Documentation|Any CPU
		{837DC4CB-4BEA-4171-8366-A1AA6207F576}.Documentation|Any CPU.Build.0 = Documentation|Any CPU
		{837DC4CB-4BEA-4171-8366-A1AA6207F576}.Documentation|x64.ActiveCfg = Documentation|Any CPU
		{837DC4CB-4BEA-4171-8366-A1AA6207F576}.Documentation|x64.Build.0 = Documentation|Any CPU
		{837DC4CB-4BEA-4171-8366-A1AA6207F576}.Documentation|x86.ActiveCfg = Documentation|Any CPU
		{837DC4CB-4BEA-4171-8366-A1AA6207F576}.Documentation|x86.Build.0 = Documentation|Any CPU
		{837DC4CB-4BEA-4171-8366-A1AA6207F576}.LinuxDebug|Any CPU.ActiveCfg = LinuxDebug|Any CPU
		{837DC4CB-4BEA-4171-8366-A1AA6207F576}.LinuxDebug|Any CPU.Build.0 = LinuxDebug|Any CPU
		{837DC4CB-4BEA-4171-8366-A1AA6207F576}.LinuxDebug|x64.ActiveCfg = LinuxDebug|Any CPU
		{837DC4CB-4BEA-4171-8366-A1AA6207F576}.LinuxDebug|x64.Build.0 = LinuxDebug|Any CPU
		{837DC4CB-4BEA-4171-8366-A1AA6207F576}.LinuxDebug|x86.ActiveCfg = LinuxDebug|Any CPU
		{837DC4CB-4BEA-4171-8366-A1AA6207F576}.LinuxDebug|x86.Build.0 = LinuxDebug|Any CPU
		{837DC4CB-4BEA-4171-8366-A1AA6207F576}.LinuxRelease|Any CPU.ActiveCfg = LinuxRelease|Any CPU
		{837DC4CB-4BEA-4171-8366-A1AA6207F576}.LinuxRelease|Any CPU.Build.0 = LinuxRelease|Any CPU
		{837DC4CB-4BEA-4171-8366-A1AA6207F576}.LinuxRelease|x64.ActiveCfg = LinuxRelease|Any CPU
		{837DC4CB-4BEA-4171-8366-A1AA6207F576}.LinuxRelease|x64.Build.0 = LinuxRelease|Any CPU
		{837DC4CB-4BEA-4171-8366-A1AA6207F576}.LinuxRelease|x86.ActiveCfg = LinuxRelease|Any CPU
		{837DC4CB-4BEA-4171-8366-A1AA6207F576}.LinuxRelease|x86.Build.0 = LinuxRelease|Any CPU
		{837DC4CB-4BEA-4171-8366-A1AA6207F576}.WindowsDebug|Any CPU.ActiveCfg = WindowsDebug|Any CPU
		{837DC4CB-4BEA-4171-8366-A1AA6207F576}.WindowsDebug|Any CPU.Build.0 = WindowsDebug|Any CPU
		{837DC4CB-4BEA-4171-8366-A1AA6207F576}.WindowsDebug|x64.ActiveCfg = WindowsDebug|Any CPU
		{837DC4CB-4BEA-4171-8366-A1AA6207F576}.WindowsDebug|x64.Build.0 = WindowsDebug|Any CPU
		{837DC4CB-4BEA-4171-8366-A1AA6207F576}.WindowsDebug|x86.ActiveCfg = WindowsDebug|Any CPU
		{837DC4CB-4BEA-4171-8366-A1AA6207F576}.WindowsDebug|x86.Build.0 = WindowsDebug|Any CPU
		{837DC4CB-4BEA-4171-8366-A1AA6207F576}.WindowsRelease|Any CPU.ActiveCfg = WindowsRelease|Any CPU
		{837DC4CB-4BEA-4171-8366-A1AA6207F576}.WindowsRelease|Any CPU.Build.0 = WindowsRelease|Any CPU
		{837DC4CB-4BEA-4171-8366-A1AA6207F576}.WindowsRelease|x64.ActiveCfg = WindowsRelease|Any CPU
		{837DC4CB-4BEA-4171-8366-A1AA6207F576}.WindowsRelease|x64.Build.0 = WindowsRelease|Any CPU
		{837DC4CB-4BEA-4171-8366-A1AA6207F576}.WindowsRelease|x86.ActiveCfg = WindowsRelease|Any CPU
		{837DC4CB-4BEA-4171-8366-A1AA6207F576}.WindowsRelease|x86.Build.0 = WindowsRelease|Any CPU
	EndGlobalSection
	GlobalSection(SolutionProperties) = preSolution
		HideSolutionNode = FALSE
	EndGlobalSection
	GlobalSection(ExtensibilityGlobals) = postSolution
		SolutionGuid = {53383BEB-B749-451A-9C29-3AA6F85CD820}
	EndGlobalSection
EndGlobal
