
Microsoft Visual Studio Solution File, Format Version 12.00
# Visual Studio 15
VisualStudioVersion = 15.0.27130.2010
MinimumVisualStudioVersion = 10.0.40219.1
Project("{FAE04EC0-301F-11D3-BF4B-00C04F79EFBC}") = "GZDoomIDE", "GZDoomIDE\GZDoomIDE.csproj", "{D3DFF45A-2A04-4E24-A397-ADA19010334D}"
	ProjectSection(ProjectDependencies) = postProject
		{98321030-DB8F-4053-9065-88B002DBB4E4} = {98321030-DB8F-4053-9065-88B002DBB4E4}
		{98968630-27C2-4AA8-886D-7962DFCBD198} = {98968630-27C2-4AA8-886D-7962DFCBD198}
	EndProjectSection
EndProject
Project("{FAE04EC0-301F-11D3-BF4B-00C04F79EFBC}") = "CorePlugin", "CorePlugin\CorePlugin.csproj", "{6CF35327-1CF0-46F9-9616-C44A650A39E1}"
EndProject
Project("{FAE04EC0-301F-11D3-BF4B-00C04F79EFBC}") = "Aga.Controls", "TreeViewAdv\Aga.Controls\Aga.Controls.csproj", "{E73BB233-D88B-44A7-A98F-D71EE158381D}"
EndProject
Project("{FAE04EC0-301F-11D3-BF4B-00C04F79EFBC}") = "GZIDE_BuildUtils", "GZIDE_BuildUtils\GZIDE_BuildUtils.csproj", "{98968630-27C2-4AA8-886D-7962DFCBD198}"
EndProject
Project("{FAE04EC0-301F-11D3-BF4B-00C04F79EFBC}") = "AllBuild", "AllBuild\AllBuild.csproj", "{98321030-DB8F-4053-9065-88B002DBB4E4}"
	ProjectSection(ProjectDependencies) = postProject
		{98968630-27C2-4AA8-886D-7962DFCBD198} = {98968630-27C2-4AA8-886D-7962DFCBD198}
	EndProjectSection
EndProject
Project("{FAE04EC0-301F-11D3-BF4B-00C04F79EFBC}") = "CalithaLibrary", "GOLDParser\CalithaLib\CalithaLibrary.csproj", "{9E8F8FBC-29C0-4DCB-83CE-058AA757D570}"
EndProject
Project("{FAE04EC0-301F-11D3-BF4B-00C04F79EFBC}") = "CalithaGoldParserEngine", "GOLDParser\CalithaGoldParserEngine\CalithaGoldParserEngine.csproj", "{837DC4CB-4BEA-4171-8366-A1AA6207F576}"
EndProject
Global
	GlobalSection(SolutionConfigurationPlatforms) = preSolution
		Debug|Any CPU = Debug|Any CPU
		Debug|x64 = Debug|x64
		Debug|x86 = Debug|x86
		Documentation|Any CPU = Documentation|Any CPU
		Documentation|x64 = Documentation|x64
		Documentation|x86 = Documentation|x86
		Release|Any CPU = Release|Any CPU
		Release|x64 = Release|x64
		Release|x86 = Release|x86
		StronglyNamedAssembly|Any CPU = StronglyNamedAssembly|Any CPU
		StronglyNamedAssembly|x64 = StronglyNamedAssembly|x64
		StronglyNamedAssembly|x86 = StronglyNamedAssembly|x86
	EndGlobalSection
	GlobalSection(ProjectConfigurationPlatforms) = postSolution
		{D3DFF45A-2A04-4E24-A397-ADA19010334D}.Debug|Any CPU.ActiveCfg = Debug|Any CPU
		{D3DFF45A-2A04-4E24-A397-ADA19010334D}.Debug|Any CPU.Build.0 = Debug|Any CPU
		{D3DFF45A-2A04-4E24-A397-ADA19010334D}.Debug|x64.ActiveCfg = Debug|x64
		{D3DFF45A-2A04-4E24-A397-ADA19010334D}.Debug|x64.Build.0 = Debug|x64
		{D3DFF45A-2A04-4E24-A397-ADA19010334D}.Debug|x86.ActiveCfg = Debug|x86
		{D3DFF45A-2A04-4E24-A397-ADA19010334D}.Debug|x86.Build.0 = Debug|x86
		{D3DFF45A-2A04-4E24-A397-ADA19010334D}.Documentation|Any CPU.ActiveCfg = Debug|Any CPU
		{D3DFF45A-2A04-4E24-A397-ADA19010334D}.Documentation|Any CPU.Build.0 = Debug|Any CPU
		{D3DFF45A-2A04-4E24-A397-ADA19010334D}.Documentation|x64.ActiveCfg = Debug|x64
		{D3DFF45A-2A04-4E24-A397-ADA19010334D}.Documentation|x64.Build.0 = Debug|x64
		{D3DFF45A-2A04-4E24-A397-ADA19010334D}.Documentation|x86.ActiveCfg = Debug|x86
		{D3DFF45A-2A04-4E24-A397-ADA19010334D}.Documentation|x86.Build.0 = Debug|x86
		{D3DFF45A-2A04-4E24-A397-ADA19010334D}.Release|Any CPU.ActiveCfg = Release|Any CPU
		{D3DFF45A-2A04-4E24-A397-ADA19010334D}.Release|Any CPU.Build.0 = Release|Any CPU
		{D3DFF45A-2A04-4E24-A397-ADA19010334D}.Release|x64.ActiveCfg = Release|x64
		{D3DFF45A-2A04-4E24-A397-ADA19010334D}.Release|x64.Build.0 = Release|x64
		{D3DFF45A-2A04-4E24-A397-ADA19010334D}.Release|x86.ActiveCfg = Release|x86
		{D3DFF45A-2A04-4E24-A397-ADA19010334D}.Release|x86.Build.0 = Release|x86
		{D3DFF45A-2A04-4E24-A397-ADA19010334D}.StronglyNamedAssembly|Any CPU.ActiveCfg = Release|Any CPU
		{D3DFF45A-2A04-4E24-A397-ADA19010334D}.StronglyNamedAssembly|Any CPU.Build.0 = Release|Any CPU
		{D3DFF45A-2A04-4E24-A397-ADA19010334D}.StronglyNamedAssembly|x64.ActiveCfg = Release|x64
		{D3DFF45A-2A04-4E24-A397-ADA19010334D}.StronglyNamedAssembly|x64.Build.0 = Release|x64
		{D3DFF45A-2A04-4E24-A397-ADA19010334D}.StronglyNamedAssembly|x86.ActiveCfg = Release|x86
		{D3DFF45A-2A04-4E24-A397-ADA19010334D}.StronglyNamedAssembly|x86.Build.0 = Release|x86
		{6CF35327-1CF0-46F9-9616-C44A650A39E1}.Debug|Any CPU.ActiveCfg = Debug|Any CPU
		{6CF35327-1CF0-46F9-9616-C44A650A39E1}.Debug|x64.ActiveCfg = Debug|x64
		{6CF35327-1CF0-46F9-9616-C44A650A39E1}.Debug|x86.ActiveCfg = Debug|x86
		{6CF35327-1CF0-46F9-9616-C44A650A39E1}.Documentation|Any CPU.ActiveCfg = Debug|Any CPU
		{6CF35327-1CF0-46F9-9616-C44A650A39E1}.Documentation|Any CPU.Build.0 = Debug|Any CPU
		{6CF35327-1CF0-46F9-9616-C44A650A39E1}.Documentation|x64.ActiveCfg = Debug|x64
		{6CF35327-1CF0-46F9-9616-C44A650A39E1}.Documentation|x64.Build.0 = Debug|x64
		{6CF35327-1CF0-46F9-9616-C44A650A39E1}.Documentation|x86.ActiveCfg = Debug|x86
		{6CF35327-1CF0-46F9-9616-C44A650A39E1}.Documentation|x86.Build.0 = Debug|x86
		{6CF35327-1CF0-46F9-9616-C44A650A39E1}.Release|Any CPU.ActiveCfg = Release|Any CPU
		{6CF35327-1CF0-46F9-9616-C44A650A39E1}.Release|x64.ActiveCfg = Release|x64
		{6CF35327-1CF0-46F9-9616-C44A650A39E1}.Release|x86.ActiveCfg = Release|x86
		{6CF35327-1CF0-46F9-9616-C44A650A39E1}.StronglyNamedAssembly|Any CPU.ActiveCfg = Release|Any CPU
		{6CF35327-1CF0-46F9-9616-C44A650A39E1}.StronglyNamedAssembly|Any CPU.Build.0 = Release|Any CPU
		{6CF35327-1CF0-46F9-9616-C44A650A39E1}.StronglyNamedAssembly|x64.ActiveCfg = Release|x64
		{6CF35327-1CF0-46F9-9616-C44A650A39E1}.StronglyNamedAssembly|x64.Build.0 = Release|x64
		{6CF35327-1CF0-46F9-9616-C44A650A39E1}.StronglyNamedAssembly|x86.ActiveCfg = Release|x86
		{6CF35327-1CF0-46F9-9616-C44A650A39E1}.StronglyNamedAssembly|x86.Build.0 = Release|x86
		{E73BB233-D88B-44A7-A98F-D71EE158381D}.Debug|Any CPU.ActiveCfg = Debug|Any CPU
		{E73BB233-D88B-44A7-A98F-D71EE158381D}.Debug|Any CPU.Build.0 = Debug|Any CPU
		{E73BB233-D88B-44A7-A98F-D71EE158381D}.Debug|x64.ActiveCfg = Debug|x64
		{E73BB233-D88B-44A7-A98F-D71EE158381D}.Debug|x64.Build.0 = Debug|x64
		{E73BB233-D88B-44A7-A98F-D71EE158381D}.Debug|x86.ActiveCfg = Debug|x86
		{E73BB233-D88B-44A7-A98F-D71EE158381D}.Debug|x86.Build.0 = Debug|x86
		{E73BB233-D88B-44A7-A98F-D71EE158381D}.Documentation|Any CPU.ActiveCfg = Debug|Any CPU
		{E73BB233-D88B-44A7-A98F-D71EE158381D}.Documentation|Any CPU.Build.0 = Debug|Any CPU
		{E73BB233-D88B-44A7-A98F-D71EE158381D}.Documentation|x64.ActiveCfg = Debug|x64
		{E73BB233-D88B-44A7-A98F-D71EE158381D}.Documentation|x64.Build.0 = Debug|x64
		{E73BB233-D88B-44A7-A98F-D71EE158381D}.Documentation|x86.ActiveCfg = Debug|x86
		{E73BB233-D88B-44A7-A98F-D71EE158381D}.Documentation|x86.Build.0 = Debug|x86
		{E73BB233-D88B-44A7-A98F-D71EE158381D}.Release|Any CPU.ActiveCfg = Release|Any CPU
		{E73BB233-D88B-44A7-A98F-D71EE158381D}.Release|Any CPU.Build.0 = Release|Any CPU
		{E73BB233-D88B-44A7-A98F-D71EE158381D}.Release|x64.ActiveCfg = Release|x64
		{E73BB233-D88B-44A7-A98F-D71EE158381D}.Release|x64.Build.0 = Release|x64
		{E73BB233-D88B-44A7-A98F-D71EE158381D}.Release|x86.ActiveCfg = Release|x86
		{E73BB233-D88B-44A7-A98F-D71EE158381D}.Release|x86.Build.0 = Release|x86
		{E73BB233-D88B-44A7-A98F-D71EE158381D}.StronglyNamedAssembly|Any CPU.ActiveCfg = Release|Any CPU
		{E73BB233-D88B-44A7-A98F-D71EE158381D}.StronglyNamedAssembly|Any CPU.Build.0 = Release|Any CPU
		{E73BB233-D88B-44A7-A98F-D71EE158381D}.StronglyNamedAssembly|x64.ActiveCfg = Release|x64
		{E73BB233-D88B-44A7-A98F-D71EE158381D}.StronglyNamedAssembly|x64.Build.0 = Release|x64
		{E73BB233-D88B-44A7-A98F-D71EE158381D}.StronglyNamedAssembly|x86.ActiveCfg = Release|x86
		{E73BB233-D88B-44A7-A98F-D71EE158381D}.StronglyNamedAssembly|x86.Build.0 = Release|x86
		{98968630-27C2-4AA8-886D-7962DFCBD198}.Debug|Any CPU.ActiveCfg = Debug|Any CPU
		{98968630-27C2-4AA8-886D-7962DFCBD198}.Debug|Any CPU.Build.0 = Debug|Any CPU
		{98968630-27C2-4AA8-886D-7962DFCBD198}.Debug|x64.ActiveCfg = Debug|x64
		{98968630-27C2-4AA8-886D-7962DFCBD198}.Debug|x64.Build.0 = Debug|x64
		{98968630-27C2-4AA8-886D-7962DFCBD198}.Debug|x86.ActiveCfg = Debug|x86
		{98968630-27C2-4AA8-886D-7962DFCBD198}.Debug|x86.Build.0 = Debug|x86
		{98968630-27C2-4AA8-886D-7962DFCBD198}.Documentation|Any CPU.ActiveCfg = Debug|Any CPU
		{98968630-27C2-4AA8-886D-7962DFCBD198}.Documentation|Any CPU.Build.0 = Debug|Any CPU
		{98968630-27C2-4AA8-886D-7962DFCBD198}.Documentation|x64.ActiveCfg = Debug|x64
		{98968630-27C2-4AA8-886D-7962DFCBD198}.Documentation|x64.Build.0 = Debug|x64
		{98968630-27C2-4AA8-886D-7962DFCBD198}.Documentation|x86.ActiveCfg = Debug|x86
		{98968630-27C2-4AA8-886D-7962DFCBD198}.Documentation|x86.Build.0 = Debug|x86
		{98968630-27C2-4AA8-886D-7962DFCBD198}.Release|Any CPU.ActiveCfg = Release|Any CPU
		{98968630-27C2-4AA8-886D-7962DFCBD198}.Release|Any CPU.Build.0 = Release|Any CPU
		{98968630-27C2-4AA8-886D-7962DFCBD198}.Release|x64.ActiveCfg = Release|x64
		{98968630-27C2-4AA8-886D-7962DFCBD198}.Release|x64.Build.0 = Release|x64
		{98968630-27C2-4AA8-886D-7962DFCBD198}.Release|x86.ActiveCfg = Release|x86
		{98968630-27C2-4AA8-886D-7962DFCBD198}.Release|x86.Build.0 = Release|x86
		{98968630-27C2-4AA8-886D-7962DFCBD198}.StronglyNamedAssembly|Any CPU.ActiveCfg = Release|Any CPU
		{98968630-27C2-4AA8-886D-7962DFCBD198}.StronglyNamedAssembly|Any CPU.Build.0 = Release|Any CPU
		{98968630-27C2-4AA8-886D-7962DFCBD198}.StronglyNamedAssembly|x64.ActiveCfg = Release|x64
		{98968630-27C2-4AA8-886D-7962DFCBD198}.StronglyNamedAssembly|x64.Build.0 = Release|x64
		{98968630-27C2-4AA8-886D-7962DFCBD198}.StronglyNamedAssembly|x86.ActiveCfg = Release|x86
		{98968630-27C2-4AA8-886D-7962DFCBD198}.StronglyNamedAssembly|x86.Build.0 = Release|x86
		{98321030-DB8F-4053-9065-88B002DBB4E4}.Debug|Any CPU.ActiveCfg = Debug|Any CPU
		{98321030-DB8F-4053-9065-88B002DBB4E4}.Debug|Any CPU.Build.0 = Debug|Any CPU
		{98321030-DB8F-4053-9065-88B002DBB4E4}.Debug|x64.ActiveCfg = Debug|x64
		{98321030-DB8F-4053-9065-88B002DBB4E4}.Debug|x64.Build.0 = Debug|x64
		{98321030-DB8F-4053-9065-88B002DBB4E4}.Debug|x86.ActiveCfg = Debug|x86
		{98321030-DB8F-4053-9065-88B002DBB4E4}.Debug|x86.Build.0 = Debug|x86
		{98321030-DB8F-4053-9065-88B002DBB4E4}.Documentation|Any CPU.ActiveCfg = Debug|Any CPU
		{98321030-DB8F-4053-9065-88B002DBB4E4}.Documentation|Any CPU.Build.0 = Debug|Any CPU
		{98321030-DB8F-4053-9065-88B002DBB4E4}.Documentation|x64.ActiveCfg = Debug|x64
		{98321030-DB8F-4053-9065-88B002DBB4E4}.Documentation|x64.Build.0 = Debug|x64
		{98321030-DB8F-4053-9065-88B002DBB4E4}.Documentation|x86.ActiveCfg = Debug|x86
		{98321030-DB8F-4053-9065-88B002DBB4E4}.Documentation|x86.Build.0 = Debug|x86
		{98321030-DB8F-4053-9065-88B002DBB4E4}.Release|Any CPU.ActiveCfg = Release|Any CPU
		{98321030-DB8F-4053-9065-88B002DBB4E4}.Release|Any CPU.Build.0 = Release|Any CPU
		{98321030-DB8F-4053-9065-88B002DBB4E4}.Release|x64.ActiveCfg = Release|x64
		{98321030-DB8F-4053-9065-88B002DBB4E4}.Release|x64.Build.0 = Release|x64
		{98321030-DB8F-4053-9065-88B002DBB4E4}.Release|x86.ActiveCfg = Release|x86
		{98321030-DB8F-4053-9065-88B002DBB4E4}.Release|x86.Build.0 = Release|x86
		{98321030-DB8F-4053-9065-88B002DBB4E4}.StronglyNamedAssembly|Any CPU.ActiveCfg = Release|Any CPU
		{98321030-DB8F-4053-9065-88B002DBB4E4}.StronglyNamedAssembly|Any CPU.Build.0 = Release|Any CPU
		{98321030-DB8F-4053-9065-88B002DBB4E4}.StronglyNamedAssembly|x64.ActiveCfg = Release|x64
		{98321030-DB8F-4053-9065-88B002DBB4E4}.StronglyNamedAssembly|x64.Build.0 = Release|x64
		{98321030-DB8F-4053-9065-88B002DBB4E4}.StronglyNamedAssembly|x86.ActiveCfg = Release|x86
		{98321030-DB8F-4053-9065-88B002DBB4E4}.StronglyNamedAssembly|x86.Build.0 = Release|x86
		{9E8F8FBC-29C0-4DCB-83CE-058AA757D570}.Debug|Any CPU.ActiveCfg = Debug|Any CPU
		{9E8F8FBC-29C0-4DCB-83CE-058AA757D570}.Debug|Any CPU.Build.0 = Debug|Any CPU
		{9E8F8FBC-29C0-4DCB-83CE-058AA757D570}.Debug|x64.ActiveCfg = Debug|Any CPU
		{9E8F8FBC-29C0-4DCB-83CE-058AA757D570}.Debug|x64.Build.0 = Debug|Any CPU
		{9E8F8FBC-29C0-4DCB-83CE-058AA757D570}.Debug|x86.ActiveCfg = Debug|Any CPU
		{9E8F8FBC-29C0-4DCB-83CE-058AA757D570}.Debug|x86.Build.0 = Debug|Any CPU
		{9E8F8FBC-29C0-4DCB-83CE-058AA757D570}.Documentation|Any CPU.ActiveCfg = Documentation|Any CPU
		{9E8F8FBC-29C0-4DCB-83CE-058AA757D570}.Documentation|Any CPU.Build.0 = Documentation|Any CPU
		{9E8F8FBC-29C0-4DCB-83CE-058AA757D570}.Documentation|x64.ActiveCfg = Documentation|Any CPU
		{9E8F8FBC-29C0-4DCB-83CE-058AA757D570}.Documentation|x64.Build.0 = Documentation|Any CPU
		{9E8F8FBC-29C0-4DCB-83CE-058AA757D570}.Documentation|x86.ActiveCfg = Documentation|Any CPU
		{9E8F8FBC-29C0-4DCB-83CE-058AA757D570}.Documentation|x86.Build.0 = Documentation|Any CPU
		{9E8F8FBC-29C0-4DCB-83CE-058AA757D570}.Release|Any CPU.ActiveCfg = Release|Any CPU
		{9E8F8FBC-29C0-4DCB-83CE-058AA757D570}.Release|Any CPU.Build.0 = Release|Any CPU
		{9E8F8FBC-29C0-4DCB-83CE-058AA757D570}.Release|x64.ActiveCfg = Release|Any CPU
		{9E8F8FBC-29C0-4DCB-83CE-058AA757D570}.Release|x64.Build.0 = Release|Any CPU
		{9E8F8FBC-29C0-4DCB-83CE-058AA757D570}.Release|x86.ActiveCfg = Release|Any CPU
		{9E8F8FBC-29C0-4DCB-83CE-058AA757D570}.Release|x86.Build.0 = Release|Any CPU
		{9E8F8FBC-29C0-4DCB-83CE-058AA757D570}.StronglyNamedAssembly|Any CPU.ActiveCfg = StronglyNamedAssembly|Any CPU
		{9E8F8FBC-29C0-4DCB-83CE-058AA757D570}.StronglyNamedAssembly|Any CPU.Build.0 = StronglyNamedAssembly|Any CPU
		{9E8F8FBC-29C0-4DCB-83CE-058AA757D570}.StronglyNamedAssembly|x64.ActiveCfg = StronglyNamedAssembly|Any CPU
		{9E8F8FBC-29C0-4DCB-83CE-058AA757D570}.StronglyNamedAssembly|x64.Build.0 = StronglyNamedAssembly|Any CPU
		{9E8F8FBC-29C0-4DCB-83CE-058AA757D570}.StronglyNamedAssembly|x86.ActiveCfg = StronglyNamedAssembly|Any CPU
		{9E8F8FBC-29C0-4DCB-83CE-058AA757D570}.StronglyNamedAssembly|x86.Build.0 = StronglyNamedAssembly|Any CPU
		{837DC4CB-4BEA-4171-8366-A1AA6207F576}.Debug|Any CPU.ActiveCfg = Debug|Any CPU
		{837DC4CB-4BEA-4171-8366-A1AA6207F576}.Debug|Any CPU.Build.0 = Debug|Any CPU
		{837DC4CB-4BEA-4171-8366-A1AA6207F576}.Debug|x64.ActiveCfg = Debug|Any CPU
		{837DC4CB-4BEA-4171-8366-A1AA6207F576}.Debug|x64.Build.0 = Debug|Any CPU
		{837DC4CB-4BEA-4171-8366-A1AA6207F576}.Debug|x86.ActiveCfg = Debug|Any CPU
		{837DC4CB-4BEA-4171-8366-A1AA6207F576}.Debug|x86.Build.0 = Debug|Any CPU
		{837DC4CB-4BEA-4171-8366-A1AA6207F576}.Documentation|Any CPU.ActiveCfg = Documentation|Any CPU
		{837DC4CB-4BEA-4171-8366-A1AA6207F576}.Documentation|Any CPU.Build.0 = Documentation|Any CPU
		{837DC4CB-4BEA-4171-8366-A1AA6207F576}.Documentation|x64.ActiveCfg = Documentation|Any CPU
		{837DC4CB-4BEA-4171-8366-A1AA6207F576}.Documentation|x64.Build.0 = Documentation|Any CPU
		{837DC4CB-4BEA-4171-8366-A1AA6207F576}.Documentation|x86.ActiveCfg = Documentation|Any CPU
		{837DC4CB-4BEA-4171-8366-A1AA6207F576}.Documentation|x86.Build.0 = Documentation|Any CPU
		{837DC4CB-4BEA-4171-8366-A1AA6207F576}.Release|Any CPU.ActiveCfg = Release|Any CPU
		{837DC4CB-4BEA-4171-8366-A1AA6207F576}.Release|Any CPU.Build.0 = Release|Any CPU
		{837DC4CB-4BEA-4171-8366-A1AA6207F576}.Release|x64.ActiveCfg = Release|Any CPU
		{837DC4CB-4BEA-4171-8366-A1AA6207F576}.Release|x64.Build.0 = Release|Any CPU
		{837DC4CB-4BEA-4171-8366-A1AA6207F576}.Release|x86.ActiveCfg = Release|Any CPU
		{837DC4CB-4BEA-4171-8366-A1AA6207F576}.Release|x86.Build.0 = Release|Any CPU
		{837DC4CB-4BEA-4171-8366-A1AA6207F576}.StronglyNamedAssembly|Any CPU.ActiveCfg = StronglyNamedAssembly|Any CPU
		{837DC4CB-4BEA-4171-8366-A1AA6207F576}.StronglyNamedAssembly|Any CPU.Build.0 = StronglyNamedAssembly|Any CPU
		{837DC4CB-4BEA-4171-8366-A1AA6207F576}.StronglyNamedAssembly|x64.ActiveCfg = StronglyNamedAssembly|Any CPU
		{837DC4CB-4BEA-4171-8366-A1AA6207F576}.StronglyNamedAssembly|x64.Build.0 = StronglyNamedAssembly|Any CPU
		{837DC4CB-4BEA-4171-8366-A1AA6207F576}.StronglyNamedAssembly|x86.ActiveCfg = StronglyNamedAssembly|Any CPU
		{837DC4CB-4BEA-4171-8366-A1AA6207F576}.StronglyNamedAssembly|x86.Build.0 = StronglyNamedAssembly|Any CPU
	EndGlobalSection
	GlobalSection(SolutionProperties) = preSolution
		HideSolutionNode = FALSE
	EndGlobalSection
	GlobalSection(ExtensibilityGlobals) = postSolution
		SolutionGuid = {53383BEB-B749-451A-9C29-3AA6F85CD820}
	EndGlobalSection
EndGlobal
