
Microsoft Visual Studio Solution File, Format Version 12.00
# Visual Studio 15
VisualStudioVersion = 15.0.27130.2010
MinimumVisualStudioVersion = 10.0.40219.1
Project("{FAE04EC0-301F-11D3-BF4B-00C04F79EFBC}") = "GZDoomIDE", "GZDoomIDE\GZDoomIDE.csproj", "{D3DFF45A-2A04-4E24-A397-ADA19010334D}"
EndProject
Project("{FAE04EC0-301F-11D3-BF4B-00C04F79EFBC}") = "CorePlugin", "CorePlugin\CorePlugin.csproj", "{6CF35327-1CF0-46F9-9616-C44A650A39E1}"
EndProject
Global
	GlobalSection(SolutionConfigurationPlatforms) = preSolution
		Debug|Any CPU = Debug|Any CPU
		Release|Any CPU = Release|Any CPU
	EndGlobalSection
	GlobalSection(ProjectConfigurationPlatforms) = postSolution
		{D3DFF45A-2A04-4E24-A397-ADA19010334D}.Debug|Any CPU.ActiveCfg = Debug|Any CPU
		{D3DFF45A-2A04-4E24-A397-ADA19010334D}.Debug|Any CPU.Build.0 = Debug|Any CPU
		{D3DFF45A-2A04-4E24-A397-ADA19010334D}.Release|Any CPU.ActiveCfg = Release|Any CPU
		{D3DFF45A-2A04-4E24-A397-ADA19010334D}.Release|Any CPU.Build.0 = Release|Any CPU
		{6CF35327-1CF0-46F9-9616-C44A650A39E1}.Debug|Any CPU.ActiveCfg = Debug|Any CPU
		{6CF35327-1CF0-46F9-9616-C44A650A39E1}.Debug|Any CPU.Build.0 = Debug|Any CPU
		{6CF35327-1CF0-46F9-9616-C44A650A39E1}.Release|Any CPU.ActiveCfg = Release|Any CPU
		{6CF35327-1CF0-46F9-9616-C44A650A39E1}.Release|Any CPU.Build.0 = Release|Any CPU
	EndGlobalSection
	GlobalSection(SolutionProperties) = preSolution
		HideSolutionNode = FALSE
	EndGlobalSection
	GlobalSection(ExtensibilityGlobals) = postSolution
		SolutionGuid = {53383BEB-B749-451A-9C29-3AA6F85CD820}
	EndGlobalSection
EndGlobal
